
Microsoft Visual Studio Solution File, Format Version 12.00
# Visual Studio Version 16
VisualStudioVersion = 16.0.33328.57
MinimumVisualStudioVersion = 10.0.40219.1
Project("{FAE04EC0-301F-11D3-BF4B-00C04F79EFBC}") = "OBJ_Import", "OBJ_Import\OBJ_Import.csproj", "{B2DA8626-575C-4512-A68A-98094465E497}"
EndProject
Global
	GlobalSection(SolutionConfigurationPlatforms) = preSolution
		Debug|Any CPU = Debug|Any CPU
		Release|Any CPU = Release|Any CPU
	EndGlobalSection
	GlobalSection(ProjectConfigurationPlatforms) = postSolution
		{B2DA8626-575C-4512-A68A-98094465E497}.Debug|Any CPU.ActiveCfg = Debug|Any CPU
		{B2DA8626-575C-4512-A68A-98094465E497}.Debug|Any CPU.Build.0 = Debug|Any CPU
		{B2DA8626-575C-4512-A68A-98094465E497}.Release|Any CPU.ActiveCfg = Release|Any CPU
		{B2DA8626-575C-4512-A68A-98094465E497}.Release|Any CPU.Build.0 = Release|Any CPU
	EndGlobalSection
	GlobalSection(SolutionProperties) = preSolution
		HideSolutionNode = FALSE
	EndGlobalSection
	GlobalSection(ExtensibilityGlobals) = postSolution
		SolutionGuid = {3ADA52F6-141B-44D2-B53F-8CEDE04B784F}
	EndGlobalSection
EndGlobal
